// !$*UTF8*$!
{
	archiveVersion = 1;
	classes = {
	};
	objectVersion = 55;
	objects = {

/* Begin PBXBuildFile section */
		8C22C3CA2893FC7000C0019A /* AppDelegate.m in Sources */ = {isa = PBXBuildFile; fileRef = 8C22C3C92893FC7000C0019A /* AppDelegate.m */; };
		8C22C3CD2893FC7000C0019A /* SceneDelegate.m in Sources */ = {isa = PBXBuildFile; fileRef = 8C22C3CC2893FC7000C0019A /* SceneDelegate.m */; };
		8C22C3D02893FC7000C0019A /* ViewController.m in Sources */ = {isa = PBXBuildFile; fileRef = 8C22C3CF2893FC7000C0019A /* ViewController.m */; };
		8C22C3D32893FC7000C0019A /* Main.storyboard in Resources */ = {isa = PBXBuildFile; fileRef = 8C22C3D12893FC7000C0019A /* Main.storyboard */; };
		8C22C3D52893FC7300C0019A /* Assets.xcassets in Resources */ = {isa = PBXBuildFile; fileRef = 8C22C3D42893FC7300C0019A /* Assets.xcassets */; };
		8C22C3D82893FC7300C0019A /* LaunchScreen.storyboard in Resources */ = {isa = PBXBuildFile; fileRef = 8C22C3D62893FC7300C0019A /* LaunchScreen.storyboard */; };
		8C22C3DB2893FC7300C0019A /* main.m in Sources */ = {isa = PBXBuildFile; fileRef = 8C22C3DA2893FC7300C0019A /* main.m */; };
		8C22C3E22893FEC200C0019A /* BLECentral.m in Sources */ = {isa = PBXBuildFile; fileRef = 8C22C3E12893FEC200C0019A /* BLECentral.m */; };
/* End PBXBuildFile section */

/* Begin PBXFileReference section */
		8C22C3C52893FC7000C0019A /* DemoForCompanyT.app */ = {isa = PBXFileReference; explicitFileType = wrapper.application; includeInIndex = 0; path = DemoForCompanyT.app; sourceTree = BUILT_PRODUCTS_DIR; };
		8C22C3C82893FC7000C0019A /* AppDelegate.h */ = {isa = PBXFileReference; lastKnownFileType = sourcecode.c.h; path = AppDelegate.h; sourceTree = "<group>"; };
		8C22C3C92893FC7000C0019A /* AppDelegate.m */ = {isa = PBXFileReference; lastKnownFileType = sourcecode.c.objc; path = AppDelegate.m; sourceTree = "<group>"; };
		8C22C3CB2893FC7000C0019A /* SceneDelegate.h */ = {isa = PBXFileReference; lastKnownFileType = sourcecode.c.h; path = SceneDelegate.h; sourceTree = "<group>"; };
		8C22C3CC2893FC7000C0019A /* SceneDelegate.m */ = {isa = PBXFileReference; lastKnownFileType = sourcecode.c.objc; path = SceneDelegate.m; sourceTree = "<group>"; };
		8C22C3CE2893FC7000C0019A /* ViewController.h */ = {isa = PBXFileReference; lastKnownFileType = sourcecode.c.h; path = ViewController.h; sourceTree = "<group>"; };
		8C22C3CF2893FC7000C0019A /* ViewController.m */ = {isa = PBXFileReference; lastKnownFileType = sourcecode.c.objc; path = ViewController.m; sourceTree = "<group>"; };
		8C22C3D22893FC7000C0019A /* Base */ = {isa = PBXFileReference; lastKnownFileType = file.storyboard; name = Base; path = Base.lproj/Main.storyboard; sourceTree = "<group>"; };
		8C22C3D42893FC7300C0019A /* Assets.xcassets */ = {isa = PBXFileReference; lastKnownFileType = folder.assetcatalog; path = Assets.xcassets; sourceTree = "<group>"; };
		8C22C3D72893FC7300C0019A /* Base */ = {isa = PBXFileReference; lastKnownFileType = file.storyboard; name = Base; path = Base.lproj/LaunchScreen.storyboard; sourceTree = "<group>"; };
		8C22C3D92893FC7300C0019A /* Info.plist */ = {isa = PBXFileReference; lastKnownFileType = text.plist.xml; path = Info.plist; sourceTree = "<group>"; };
		8C22C3DA2893FC7300C0019A /* main.m */ = {isa = PBXFileReference; lastKnownFileType = sourcecode.c.objc; path = main.m; sourceTree = "<group>"; };
		8C22C3E12893FEC200C0019A /* BLECentral.m */ = {isa = PBXFileReference; lastKnownFileType = sourcecode.c.objc; path = BLECentral.m; sourceTree = "<group>"; };
		8C22C3E32893FED700C0019A /* BLECentral.h */ = {isa = PBXFileReference; lastKnownFileType = sourcecode.c.h; path = BLECentral.h; sourceTree = "<group>"; };
/* End PBXFileReference section */

/* Begin PBXFrameworksBuildPhase section */
		8C22C3C22893FC7000C0019A /* Frameworks */ = {
			isa = PBXFrameworksBuildPhase;
			buildActionMask = 2147483647;
			files = (
			);
			runOnlyForDeploymentPostprocessing = 0;
		};
/* End PBXFrameworksBuildPhase section */

/* Begin PBXGroup section */
		8C22C3BC2893FC7000C0019A = {
			isa = PBXGroup;
			children = (
				8C22C3C72893FC7000C0019A /* DemoForCompanyT */,
				8C22C3C62893FC7000C0019A /* Products */,
			);
			sourceTree = "<group>";
		};
		8C22C3C62893FC7000C0019A /* Products */ = {
			isa = PBXGroup;
			children = (
				8C22C3C52893FC7000C0019A /* DemoForCompanyT.app */,
			);
			name = Products;
			sourceTree = "<group>";
		};
		8C22C3C72893FC7000C0019A /* DemoForCompanyT */ = {
			isa = PBXGroup;
			children = (
				8C22C3C82893FC7000C0019A /* AppDelegate.h */,
				8C22C3C92893FC7000C0019A /* AppDelegate.m */,
				8C22C3CB2893FC7000C0019A /* SceneDelegate.h */,
				8C22C3CC2893FC7000C0019A /* SceneDelegate.m */,
				8C22C3CE2893FC7000C0019A /* ViewController.h */,
				8C22C3CF2893FC7000C0019A /* ViewController.m */,
				8C22C3E32893FED700C0019A /* BLECentral.h */,
				8C22C3E12893FEC200C0019A /* BLECentral.m */,
				8C22C3D12893FC7000C0019A /* Main.storyboard */,
				8C22C3D42893FC7300C0019A /* Assets.xcassets */,
				8C22C3D62893FC7300C0019A /* LaunchScreen.storyboard */,
				8C22C3D92893FC7300C0019A /* Info.plist */,
				8C22C3DA2893FC7300C0019A /* main.m */,
			);
			path = DemoForCompanyT;
			sourceTree = "<group>";
		};
/* End PBXGroup section */

/* Begin PBXNativeTarget section */
		8C22C3C42893FC7000C0019A /* DemoForCompanyT */ = {
			isa = PBXNativeTarget;
			buildConfigurationList = 8C22C3DE2893FC7300C0019A /* Build configuration list for PBXNativeTarget "DemoForCompanyT" */;
			buildPhases = (
				8C22C3C12893FC7000C0019A /* Sources */,
				8C22C3C22893FC7000C0019A /* Frameworks */,
				8C22C3C32893FC7000C0019A /* Resources */,
			);
			buildRules = (
			);
			dependencies = (
			);
			name = DemoForCompanyT;
			productName = DemoForCompanyT;
			productReference = 8C22C3C52893FC7000C0019A /* DemoForCompanyT.app */;
			productType = "com.apple.product-type.application";
		};
/* End PBXNativeTarget section */

/* Begin PBXProject section */
		8C22C3BD2893FC7000C0019A /* Project object */ = {
			isa = PBXProject;
			attributes = {
				BuildIndependentTargetsInParallel = 1;
				LastUpgradeCheck = 1320;
				TargetAttributes = {
					8C22C3C42893FC7000C0019A = {
						CreatedOnToolsVersion = 13.2.1;
					};
				};
			};
			buildConfigurationList = 8C22C3C02893FC7000C0019A /* Build configuration list for PBXProject "DemoForCompanyT" */;
			compatibilityVersion = "Xcode 13.0";
			developmentRegion = en;
			hasScannedForEncodings = 0;
			knownRegions = (
				en,
				Base,
			);
			mainGroup = 8C22C3BC2893FC7000C0019A;
			productRefGroup = 8C22C3C62893FC7000C0019A /* Products */;
			projectDirPath = "";
			projectRoot = "";
			targets = (
				8C22C3C42893FC7000C0019A /* DemoForCompanyT */,
			);
		};
/* End PBXProject section */

/* Begin PBXResourcesBuildPhase section */
		8C22C3C32893FC7000C0019A /* Resources */ = {
			isa = PBXResourcesBuildPhase;
			buildActionMask = 2147483647;
			files = (
				8C22C3D82893FC7300C0019A /* LaunchScreen.storyboard in Resources */,
				8C22C3D52893FC7300C0019A /* Assets.xcassets in Resources */,
				8C22C3D32893FC7000C0019A /* Main.storyboard in Resources */,
			);
			runOnlyForDeploymentPostprocessing = 0;
		};
/* End PBXResourcesBuildPhase section */

/* Begin PBXSourcesBuildPhase section */
		8C22C3C12893FC7000C0019A /* Sources */ = {
			isa = PBXSourcesBuildPhase;
			buildActionMask = 2147483647;
			files = (
				8C22C3D02893FC7000C0019A /* ViewController.m in Sources */,
				8C22C3CA2893FC7000C0019A /* AppDelegate.m in Sources */,
				8C22C3DB2893FC7300C0019A /* main.m in Sources */,
				8C22C3CD2893FC7000C0019A /* SceneDelegate.m in Sources */,
				8C22C3E22893FEC200C0019A /* BLECentral.m in Sources */,
			);
			runOnlyForDeploymentPostprocessing = 0;
		};
/* End PBXSourcesBuildPhase section */

/* Begin PBXVariantGroup section */
		8C22C3D12893FC7000C0019A /* Main.storyboard */ = {
			isa = PBXVariantGroup;
			children = (
				8C22C3D22893FC7000C0019A /* Base */,
			);
			name = Main.storyboard;
			sourceTree = "<group>";
		};
		8C22C3D62893FC7300C0019A /* LaunchScreen.storyboard */ = {
			isa = PBXVariantGroup;
			children = (
				8C22C3D72893FC7300C0019A /* Base */,
			);
			name = LaunchScreen.storyboard;
			sourceTree = "<group>";
		};
/* End PBXVariantGroup section */

/* Begin XCBuildConfiguration section */
		8C22C3DC2893FC7300C0019A /* Debug */ = {
			isa = XCBuildConfiguration;
			buildSettings = {
				ALWAYS_SEARCH_USER_PATHS = NO;
				CLANG_ANALYZER_NONNULL = YES;
				CLANG_ANALYZER_NUMBER_OBJECT_CONVERSION = YES_AGGRESSIVE;
				CLANG_CXX_LANGUAGE_STANDARD = "gnu++17";
				CLANG_CXX_LIBRARY = "libc++";
				CLANG_ENABLE_MODULES = YES;
				CLANG_ENABLE_OBJC_ARC = YES;
				CLANG_ENABLE_OBJC_WEAK = YES;
				CLANG_WARN_BLOCK_CAPTURE_AUTORELEASING = YES;
				CLANG_WARN_BOOL_CONVERSION = YES;
				CLANG_WARN_COMMA = YES;
				CLANG_WARN_CONSTANT_CONVERSION = YES;
				CLANG_WARN_DEPRECATED_OBJC_IMPLEMENTATIONS = YES;
				CLANG_WARN_DIRECT_OBJC_ISA_USAGE = YES_ERROR;
				CLANG_WARN_DOCUMENTATION_COMMENTS = YES;
				CLANG_WARN_EMPTY_BODY = YES;
				CLANG_WARN_ENUM_CONVERSION = YES;
				CLANG_WARN_INFINITE_RECURSION = YES;
				CLANG_WARN_INT_CONVERSION = YES;
				CLANG_WARN_NON_LITERAL_NULL_CONVERSION = YES;
				CLANG_WARN_OBJC_IMPLICIT_RETAIN_SELF = YES;
				CLANG_WARN_OBJC_LITERAL_CONVERSION = YES;
				CLANG_WARN_OBJC_ROOT_CLASS = YES_ERROR;
				CLANG_WARN_QUOTED_INCLUDE_IN_FRAMEWORK_HEADER = YES;
				CLANG_WARN_RANGE_LOOP_ANALYSIS = YES;
				CLANG_WARN_STRICT_PROTOTYPES = YES;
				CLANG_WARN_SUSPICIOUS_MOVE = YES;
				CLANG_WARN_UNGUARDED_AVAILABILITY = YES_AGGRESSIVE;
				CLANG_WARN_UNREACHABLE_CODE = YES;
				CLANG_WARN__DUPLICATE_METHOD_MATCH = YES;
				COPY_PHASE_STRIP = NO;
				DEBUG_INFORMATION_FORMAT = dwarf;
				ENABLE_STRICT_OBJC_MSGSEND = YES;
				ENABLE_TESTABILITY = YES;
				GCC_C_LANGUAGE_STANDARD = gnu11;
				GCC_DYNAMIC_NO_PIC = NO;
				GCC_NO_COMMON_BLOCKS = YES;
				GCC_OPTIMIZATION_LEVEL = 0;
				GCC_PREPROCESSOR_DEFINITIONS = (
					"DEBUG=1",
					"$(inherited)",
				);
				GCC_WARN_64_TO_32_BIT_CONVERSION = YES;
				GCC_WARN_ABOUT_RETURN_TYPE = YES_ERROR;
				GCC_WARN_UNDECLARED_SELECTOR = YES;
				GCC_WARN_UNINITIALIZED_AUTOS = YES_AGGRESSIVE;
				GCC_WARN_UNUSED_FUNCTION = YES;
				GCC_WARN_UNUSED_VARIABLE = YES;
				IPHONEOS_DEPLOYMENT_TARGET = 15.2;
				MTL_ENABLE_DEBUG_INFO = INCLUDE_SOURCE;
				MTL_FAST_MATH = YES;
				ONLY_ACTIVE_ARCH = YES;
				SDKROOT = iphoneos;
			};
			name = Debug;
		};
		8C22C3DD2893FC7300C0019A /* Release */ = {
			isa = XCBuildConfiguration;
			buildSettings = {
				ALWAYS_SEARCH_USER_PATHS = NO;
				CLANG_ANALYZER_NONNULL = YES;
				CLANG_ANALYZER_NUMBER_OBJECT_CONVERSION = YES_AGGRESSIVE;
				CLANG_CXX_LANGUAGE_STANDARD = "gnu++17";
				CLANG_CXX_LIBRARY = "libc++";
				CLANG_ENABLE_MODULES = YES;
				CLANG_ENABLE_OBJC_ARC = YES;
				CLANG_ENABLE_OBJC_WEAK = YES;
				CLANG_WARN_BLOCK_CAPTURE_AUTORELEASING = YES;
				CLANG_WARN_BOOL_CONVERSION = YES;
				CLANG_WARN_COMMA = YES;
				CLANG_WARN_CONSTANT_CONVERSION = YES;
				CLANG_WARN_DEPRECATED_OBJC_IMPLEMENTATIONS = YES;
				CLANG_WARN_DIRECT_OBJC_ISA_USAGE = YES_ERROR;
				CLANG_WARN_DOCUMENTATION_COMMENTS = YES;
				CLANG_WARN_EMPTY_BODY = YES;
				CLANG_WARN_ENUM_CONVERSION = YES;
				CLANG_WARN_INFINITE_RECURSION = YES;
				CLANG_WARN_INT_CONVERSION = YES;
				CLANG_WARN_NON_LITERAL_NULL_CONVERSION = YES;
				CLANG_WARN_OBJC_IMPLICIT_RETAIN_SELF = YES;
				CLANG_WARN_OBJC_LITERAL_CONVERSION = YES;
				CLANG_WARN_OBJC_ROOT_CLASS = YES_ERROR;
				CLANG_WARN_QUOTED_INCLUDE_IN_FRAMEWORK_HEADER = YES;
				CLANG_WARN_RANGE_LOOP_ANALYSIS = YES;
				CLANG_WARN_STRICT_PROTOTYPES = YES;
				CLANG_WARN_SUSPICIOUS_MOVE = YES;
				CLANG_WARN_UNGUARDED_AVAILABILITY = YES_AGGRESSIVE;
				CLANG_WARN_UNREACHABLE_CODE = YES;
				CLANG_WARN__DUPLICATE_METHOD_MATCH = YES;
				COPY_PHASE_STRIP = NO;
				DEBUG_INFORMATION_FORMAT = "dwarf-with-dsym";
				ENABLE_NS_ASSERTIONS = NO;
				ENABLE_STRICT_OBJC_MSGSEND = YES;
				GCC_C_LANGUAGE_STANDARD = gnu11;
				GCC_NO_COMMON_BLOCKS = YES;
				GCC_WARN_64_TO_32_BIT_CONVERSION = YES;
				GCC_WARN_ABOUT_RETURN_TYPE = YES_ERROR;
				GCC_WARN_UNDECLARED_SELECTOR = YES;
				GCC_WARN_UNINITIALIZED_AUTOS = YES_AGGRESSIVE;
				GCC_WARN_UNUSED_FUNCTION = YES;
				GCC_WARN_UNUSED_VARIABLE = YES;
				IPHONEOS_DEPLOYMENT_TARGET = 15.2;
				MTL_ENABLE_DEBUG_INFO = NO;
				MTL_FAST_MATH = YES;
				SDKROOT = iphoneos;
				VALIDATE_PRODUCT = YES;
			};
			name = Release;
		};
		8C22C3DF2893FC7300C0019A /* Debug */ = {
			isa = XCBuildConfiguration;
			buildSettings = {
				ASSETCATALOG_COMPILER_APPICON_NAME = AppIcon;
				ASSETCATALOG_COMPILER_GLOBAL_ACCENT_COLOR_NAME = AccentColor;
				CODE_SIGN_STYLE = Automatic;
				CURRENT_PROJECT_VERSION = 1;
				DEVELOPMENT_TEAM = 75W4VA57JK;
				GENERATE_INFOPLIST_FILE = YES;
				INFOPLIST_FILE = DemoForCompanyT/Info.plist;
				INFOPLIST_KEY_UIApplicationSupportsIndirectInputEvents = YES;
				INFOPLIST_KEY_UILaunchStoryboardName = LaunchScreen;
				INFOPLIST_KEY_UIMainStoryboardFile = Main;
				INFOPLIST_KEY_UISupportedInterfaceOrientations_iPad = "UIInterfaceOrientationPortrait UIInterfaceOrientationPortraitUpsideDown UIInterfaceOrientationLandscapeLeft UIInterfaceOrientationLandscapeRight";
				INFOPLIST_KEY_UISupportedInterfaceOrientations_iPhone = "UIInterfaceOrientationPortrait UIInterfaceOrientationLandscapeLeft UIInterfaceOrientationLandscapeRight";
				LD_RUNPATH_SEARCH_PATHS = (
					"$(inherited)",
					"@executable_path/Frameworks",
				);
				MARKETING_VERSION = 1.0;
				PRODUCT_BUNDLE_IDENTIFIER = milonga332.DemoForCompanyT;
				PRODUCT_NAME = "$(TARGET_NAME)";
				SWIFT_EMIT_LOC_STRINGS = YES;
				TARGETED_DEVICE_FAMILY = "1,2";
			};
			name = Debug;
		};
		8C22C3E02893FC7300C0019A /* Release */ = {
			isa = XCBuildConfiguration;
			buildSettings = {
				ASSETCATALOG_COMPILER_APPICON_NAME = AppIcon;
				ASSETCATALOG_COMPILER_GLOBAL_ACCENT_COLOR_NAME = AccentColor;
				CODE_SIGN_STYLE = Automatic;
				CURRENT_PROJECT_VERSION = 1;
				DEVELOPMENT_TEAM = 75W4VA57JK;
				GENERATE_INFOPLIST_FILE = YES;
				INFOPLIST_FILE = DemoForCompanyT/Info.plist;
				INFOPLIST_KEY_UIApplicationSupportsIndirectInputEvents = YES;
				INFOPLIST_KEY_UILaunchStoryboardName = LaunchScreen;
				INFOPLIST_KEY_UIMainStoryboardFile = Main;
				INFOPLIST_KEY_UISupportedInterfaceOrientations_iPad = "UIInterfaceOrientationPortrait UIInterfaceOrientationPortraitUpsideDown UIInterfaceOrientationLandscapeLeft UIInterfaceOrientationLandscapeRight";
				INFOPLIST_KEY_UISupportedInterfaceOrientations_iPhone = "UIInterfaceOrientationPortrait UIInterfaceOrientationLandscapeLeft UIInterfaceOrientationLandscapeRight";
				LD_RUNPATH_SEARCH_PATHS = (
					"$(inherited)",
					"@executable_path/Frameworks",
				);
				MARKETING_VERSION = 1.0;
				PRODUCT_BUNDLE_IDENTIFIER = milonga332.DemoForCompanyT;
				PRODUCT_NAME = "$(TARGET_NAME)";
				SWIFT_EMIT_LOC_STRINGS = YES;
				TARGETED_DEVICE_FAMILY = "1,2";
			};
			name = Release;
		};
/* End XCBuildConfiguration section */

/* Begin XCConfigurationList section */
		8C22C3C02893FC7000C0019A /* Build configuration list for PBXProject "DemoForCompanyT" */ = {
			isa = XCConfigurationList;
			buildConfigurations = (
				8C22C3DC2893FC7300C0019A /* Debug */,
				8C22C3DD2893FC7300C0019A /* Release */,
			);
			defaultConfigurationIsVisible = 0;
			defaultConfigurationName = Release;
		};
		8C22C3DE2893FC7300C0019A /* Build configuration list for PBXNativeTarget "DemoForCompanyT" */ = {
			isa = XCConfigurationList;
			buildConfigurations = (
				8C22C3DF2893FC7300C0019A /* Debug */,
				8C22C3E02893FC7300C0019A /* Release */,
			);
			defaultConfigurationIsVisible = 0;
			defaultConfigurationName = Release;
		};
/* End XCConfigurationList section */
	};
	rootObject = 8C22C3BD2893FC7000C0019A /* Project object */;
}
